<?xml version="1.0" encoding="utf-8"?>
<Project ToolsVersion="4.0" xmlns="http://schemas.microsoft.com/developer/msbuild/2003">
  <ItemGroup>
    <Filter Include="Source Files">
      <UniqueIdentifier>{4FC737F1-C7A5-4376-A066-2A32D752A2FF}</UniqueIdentifier>
      <Extensions>cpp;c;cc;cxx;c++;cppm;ixx;def;odl;idl;hpj;bat;asm;asmx</Extensions>
    </Filter>
    <Filter Include="Header Files">
      <UniqueIdentifier>{93995380-89BD-4b04-88EB-625FBE52EBFB}</UniqueIdentifier>
      <Extensions>h;hh;hpp;hxx;h++;hm;inl;inc;ipp;xsd</Extensions>
    </Filter>
    <Filter Include="Resource Files">
      <UniqueIdentifier>{67DA6AB6-F800-4c08-8B7A-83BB121AAD01}</UniqueIdentifier>
      <Extensions>rc;ico;cur;bmp;dlg;rc2;rct;bin;rgs;gif;jpg;jpeg;jpe;resx;tiff;tif;png;wav;mfcribbon-ms</Extensions>
    </Filter>
  </ItemGroup>
  <ItemGroup>
    <ClCompile Include="Files\IOFile.cpp">
      <Filter>Source Files</Filter>
    </ClCompile>
    <ClCompile Include="Source.cpp">
      <Filter>Source Files</Filter>
    </ClCompile>
    <ClCompile Include="Compiler\Lexicon.cpp">
      <Filter>Source Files</Filter>
    </ClCompile>
    <ClCompile Include="Compiler\Token.cpp">
      <Filter>Source Files</Filter>
    </ClCompile>
    <ClCompile Include="Compiler\Syntactic.cpp">
      <Filter>Source Files</Filter>
    </ClCompile>
    <ClCompile Include="Exceptions\SyntacticException.cpp">
      <Filter>Source Files</Filter>
    </ClCompile>
    <ClCompile Include="Exceptions\SemanticException.cpp">
      <Filter>Source Files</Filter>
    </ClCompile>
    <ClCompile Include="Compiler\Semantic.cpp">
      <Filter>Source Files</Filter>
    </ClCompile>
    <ClCompile Include="Compiler\Symbol.cpp">
      <Filter>Source Files</Filter>
    </ClCompile>
  </ItemGroup>
  <ItemGroup>
    <ClInclude Include="Headers\IOFile.h">
      <Filter>Header Files</Filter>
    </ClInclude>
    <ClInclude Include="Headers\Lexicon.h">
      <Filter>Header Files</Filter>
    </ClInclude>
    <ClInclude Include="Headers\Token.h">
      <Filter>Header Files</Filter>
    </ClInclude>
    <ClInclude Include="Headers\Syntactic.h">
      <Filter>Header Files</Filter>
    </ClInclude>
    <ClInclude Include="Headers\SyntacticException.h">
      <Filter>Header Files</Filter>
    </ClInclude>
    <ClInclude Include="Headers\SemanticException.h">
      <Filter>Header Files</Filter>
    </ClInclude>
    <ClInclude Include="Headers\Semantic.h">
      <Filter>Header Files</Filter>
    </ClInclude>
    <ClInclude Include="Headers\Symbol.h">
      <Filter>Header Files</Filter>
    </ClInclude>
  </ItemGroup>
  <ItemGroup>
    <Text Include="Files\output.txt" />
    <Text Include="Files\input4.txt" />
    <Text Include="Files\input0.txt" />
    <Text Include="Files\input1.txt" />
    <Text Include="Files\input2.txt" />
    <Text Include="Files\input3.txt" />
    <Text Include="Files\input5.txt" />
    <Text Include="Files\input6.txt" />
    <Text Include="Files\input.txt" />
  </ItemGroup>
</Project>